{
  "name": "example",
  "version": "1.0.0",
  "lockfileVersion": 1,
  "requires": true,
  "dependencies": {
    "common-ignore": {
      "version": "file:..",
      "dependencies": {
        "rollup": {
          "version": "2.23.1",
          "resolved": "https://registry.npmjs.org/rollup/-/rollup-2.23.1.tgz",
          "integrity": "sha512-Heyl885+lyN/giQwxA8AYT2GY3U+gOlTqVLrMQYno8Z1X9lAOpfXPiKiZCyPc25e9BLJM3Zlh957dpTlO4pa8A=="
        }
      }
    }
  }
}
