{
  "name": "common-ignore",
  "version": "1.0.0",
  "lockfileVersion": 1,
  "requires": true,
  "dependencies": {
    "leadingzero": {
      "version": "1.0.0",
      "resolved": "https://registry.npmjs.org/leadingzero/-/leadingzero-1.0.0.tgz",
      "integrity": "sha512-hgB5owxd18lgbeE3NKivdoCjam1i4ebpQUchVGcIOvS3GV2qt+BIHvaJ7+Zd5/7sg54lo/AJK6r3qXe24Cc+mg=="
    },
    "minimist": {
      "version": "1.2.5",
      "resolved": "https://registry.npmjs.org/minimist/-/minimist-1.2.5.tgz",
      "integrity": "sha512-FM9nNUYrRBAELZQT3xeZQ7fmMOBg6nWNmJKTcgsJeaLstP/UODVpGsr5OhXhhXg6f+qtJ8uiZ+PUxkDWcgIXLw=="
    }
  }
}
